<?xml version="1.0" encoding="utf-8"?>
<Project ToolsVersion="4.0" xmlns="http://schemas.microsoft.com/developer/msbuild/2003">
  <ItemGroup>
    <Filter Include="Source Files">
      <UniqueIdentifier>{4FC737F1-C7A5-4376-A066-2A32D752A2FF}</UniqueIdentifier>
      <Extensions>cpp;c;cc;cxx;def;odl;idl;hpj;bat;asm;asmx</Extensions>
    </Filter>
    <Filter Include="Header Files">
      <UniqueIdentifier>{93995380-89BD-4b04-88EB-625FBE52EBFB}</UniqueIdentifier>
      <Extensions>h;hpp;hxx;hm;inl;inc;xsd</Extensions>
    </Filter>
    <Filter Include="Resource Files">
      <UniqueIdentifier>{67DA6AB6-F800-4c08-8B7A-83BB121AAD01}</UniqueIdentifier>
      <Extensions>rc;ico;cur;bmp;dlg;rc2;rct;bin;rgs;gif;jpg;jpeg;jpe;resx;tiff;tif;png;wav</Extensions>
    </Filter>
    <Filter Include="Text">
      <UniqueIdentifier>{0e4cdaab-c19f-49ec-96b9-171143f0e397}</UniqueIdentifier>
      <Extensions>*.lng</Extensions>
      <ParseFiles>false</ParseFiles>
    </Filter>
    <Filter Include="Header Files\depends">
      <UniqueIdentifier>{a0861177-bc27-4bc6-83b5-a66e453a5b41}</UniqueIdentifier>
    </Filter>
    <Filter Include="Header Files\depends\far3">
      <UniqueIdentifier>{0bf826ca-3f08-433c-9726-e0f229583c8e}</UniqueIdentifier>
    </Filter>
    <Filter Include="Header Files\depends\helpers">
      <UniqueIdentifier>{6fe6f40c-e0ca-452b-9a99-a491c299b67d}</UniqueIdentifier>
    </Filter>
  </ItemGroup>
  <ItemGroup>
    <ClCompile Include="dllmain.cpp">
      <Filter>Source Files</Filter>
    </ClCompile>
    <ClCompile Include="hashing.cpp">
      <Filter>Source Files</Filter>
    </ClCompile>
    <ClCompile Include="IntChecker2-Far3.cpp">
      <Filter>Source Files</Filter>
    </ClCompile>
    <ClCompile Include="RegistrySettings.cpp">
      <Filter>Source Files</Filter>
    </ClCompile>
    <ClCompile Include="stdafx.cpp">
      <Filter>Source Files</Filter>
    </ClCompile>
    <ClCompile Include="Utils.cpp">
      <Filter>Source Files</Filter>
    </ClCompile>
    <ClCompile Include="IntChecker2-Far2.cpp">
      <Filter>Source Files</Filter>
    </ClCompile>
  </ItemGroup>
  <ItemGroup>
    <None Include="IntChecker2-Far3.def">
      <Filter>Source Files</Filter>
    </None>
    <None Include="version.m4i">
      <Filter>Text</Filter>
    </None>
    <None Include="IntChecker2-Far2.def">
      <Filter>Source Files</Filter>
    </None>
  </ItemGroup>
  <ItemGroup>
    <ClInclude Include="Far3Guids.h">
      <Filter>Header Files</Filter>
    </ClInclude>
    <ClInclude Include="FarCommon.h">
      <Filter>Header Files</Filter>
    </ClInclude>
    <ClInclude Include="hashing.h">
      <Filter>Header Files</Filter>
    </ClInclude>
    <ClInclude Include="Lang.h">
      <Filter>Header Files</Filter>
    </ClInclude>
    <ClInclude Include="RegistrySettings.h">
      <Filter>Header Files</Filter>
    </ClInclude>
    <ClInclude Include="stdafx.h">
      <Filter>Header Files</Filter>
    </ClInclude>
    <ClInclude Include="targetver.h">
      <Filter>Header Files</Filter>
    </ClInclude>
    <ClInclude Include="Utils.h">
      <Filter>Header Files</Filter>
    </ClInclude>
    <ClInclude Include="version.h">
      <Filter>Header Files</Filter>
    </ClInclude>
    <ClInclude Include="resource.h">
      <Filter>Header Files</Filter>
    </ClInclude>
    <ClInclude Include="..\depends\far3\DlgBuilder.hpp">
      <Filter>Header Files\depends\far3</Filter>
    </ClInclude>
    <ClInclude Include="..\depends\far3\farcolor.hpp">
      <Filter>Header Files\depends\far3</Filter>
    </ClInclude>
    <ClInclude Include="..\depends\far3\plugin.hpp">
      <Filter>Header Files\depends\far3</Filter>
    </ClInclude>
    <ClInclude Include="..\depends\far3\PluginSettings.hpp">
      <Filter>Header Files\depends\far3</Filter>
    </ClInclude>
    <ClInclude Include="..\depends\farhelpers\Far2Menu.hpp">
      <Filter>Header Files\depends\helpers</Filter>
    </ClInclude>
    <ClInclude Include="..\depends\farhelpers\Far3Menu.hpp">
      <Filter>Header Files\depends\helpers</Filter>
    </ClInclude>
  </ItemGroup>
  <ItemGroup>
    <M4_Macro Include="Text\FILE_ID.DIZ.m4">
      <Filter>Text</Filter>
    </M4_Macro>
    <M4_Macro Include="Text\history_ru.txt.m4">
      <Filter>Text</Filter>
    </M4_Macro>
    <M4_Macro Include="Text\readme_ru.txt.m4">
      <Filter>Text</Filter>
    </M4_Macro>
    <M4_Macro Include="Text\IntCheckerEng.lng.m4">
      <Filter>Text</Filter>
    </M4_Macro>
    <M4_Macro Include="Text\IntCheckerRus.lng.m4">
      <Filter>Text</Filter>
    </M4_Macro>
    <M4_Macro Include="version.h.m4">
      <Filter>Text</Filter>
    </M4_Macro>
    <M4_Macro Include="Text\history_en.txt.m4">
      <Filter>Text</Filter>
    </M4_Macro>
    <M4_Macro Include="Text\IntCheckerSpa.lng.m4">
      <Filter>Text</Filter>
    </M4_Macro>
    <M4_Macro Include="Text\license.txt.m4">
      <Filter>Text</Filter>
    </M4_Macro>
    <M4_Macro Include="Text\IntCheckerRus.hlf.m4">
      <Filter>Text</Filter>
    </M4_Macro>
  </ItemGroup>
  <ItemGroup>
    <ResourceCompile Include="IntChecker2.rc">
      <Filter>Resource Files</Filter>
    </ResourceCompile>
  </ItemGroup>
</Project>